// !$*UTF8*$!
{
	archiveVersion = 1;
	classes = {
	};
	objectVersion = 48;
	objects = {

/* Begin PBXBuildFile section */
		9100B7AC1FA6B2210096C79F /* GoogleMobileAds.framework in Frameworks */ = {isa = PBXBuildFile; fileRef = 91DD50571FA4D28F00F2358B /* GoogleMobileAds.framework */; };
		9100B7AE1FA6B2FB0096C79F /* AdsManager.swift in Sources */ = {isa = PBXBuildFile; fileRef = 9100B7AD1FA6B2FB0096C79F /* AdsManager.swift */; };
		911730A31FA764E300D4097D /* LayoutNode.swift in Sources */ = {isa = PBXBuildFile; fileRef = 911730A21FA764E300D4097D /* LayoutNode.swift */; };
		9126DE6F1FB3409A000526A7 /* ZAlertView.swift in Sources */ = {isa = PBXBuildFile; fileRef = 9126DE6C1FB3409A000526A7 /* ZAlertView.swift */; };
		9126DE701FB3409A000526A7 /* UIColor.swift in Sources */ = {isa = PBXBuildFile; fileRef = 9126DE6D1FB3409A000526A7 /* UIColor.swift */; };
		9126DE711FB3409A000526A7 /* UIImage.swift in Sources */ = {isa = PBXBuildFile; fileRef = 9126DE6E1FB3409A000526A7 /* UIImage.swift */; };
		9126DE731FB34BD8000526A7 /* Outline.fsh in Resources */ = {isa = PBXBuildFile; fileRef = 9126DE721FB34BD8000526A7 /* Outline.fsh */; };
		9126DE761FB3536B000526A7 /* MKOutlinedLabelNode.swift in Sources */ = {isa = PBXBuildFile; fileRef = 9126DE751FB3536A000526A7 /* MKOutlinedLabelNode.swift */; };
		9129BA4E1F921C300020CB58 /* NumberNode.swift in Sources */ = {isa = PBXBuildFile; fileRef = 9129BA4D1F921C300020CB58 /* NumberNode.swift */; };
		9129BA521F92210C0020CB58 /* CGPoint+Distance.swift in Sources */ = {isa = PBXBuildFile; fileRef = 9129BA511F92210C0020CB58 /* CGPoint+Distance.swift */; };
		9129BA541F9227DF0020CB58 /* Gradient.fsh in Resources */ = {isa = PBXBuildFile; fileRef = 9129BA531F9227DF0020CB58 /* Gradient.fsh */; };
		9145CC8B1FAD539D00991122 /* background.mp3 in Resources */ = {isa = PBXBuildFile; fileRef = 9145CC8A1FAD539D00991122 /* background.mp3 */; };
		9145CC8D1FAD53AD00991122 /* SoundManager.swift in Sources */ = {isa = PBXBuildFile; fileRef = 9145CC8C1FAD53AD00991122 /* SoundManager.swift */; };
		9145CC8F1FAD613F00991122 /* pop.mp3 in Resources */ = {isa = PBXBuildFile; fileRef = 9145CC8E1FAD613F00991122 /* pop.mp3 */; };
		914E15FE1FA47F670051DD83 /* GameKit.framework in Frameworks */ = {isa = PBXBuildFile; fileRef = 914E15FD1FA47F670051DD83 /* GameKit.framework */; };
		9187C4781F9231B400AA624A /* SKColor+Vector4.swift in Sources */ = {isa = PBXBuildFile; fileRef = 9187C4771F9231B400AA624A /* SKColor+Vector4.swift */; };
		918B6E6B1FB6C02C00555B2E /* AnimPool.swift in Sources */ = {isa = PBXBuildFile; fileRef = 918B6E6A1FB6C02B00555B2E /* AnimPool.swift */; };
		91B20F411FB7D59A00848AC7 /* SKAction+Custom.swift in Sources */ = {isa = PBXBuildFile; fileRef = 91B20F401FB7D59A00848AC7 /* SKAction+Custom.swift */; };
		91BA261F1F99DC27000D954B /* ProgressNode.swift in Sources */ = {isa = PBXBuildFile; fileRef = 91BA261E1F99DC27000D954B /* ProgressNode.swift */; };
		91BA26241F9A393E000D954B /* GameOverNode.swift in Sources */ = {isa = PBXBuildFile; fileRef = 91BA26231F9A393E000D954B /* GameOverNode.swift */; };
		91C7F0FD1F89CD9D006E4B1C /* AppDelegate.swift in Sources */ = {isa = PBXBuildFile; fileRef = 91C7F0FC1F89CD9D006E4B1C /* AppDelegate.swift */; };
		91C7F1031F89CD9D006E4B1C /* GameScene.swift in Sources */ = {isa = PBXBuildFile; fileRef = 91C7F1021F89CD9D006E4B1C /* GameScene.swift */; };
		91C7F1051F89CD9D006E4B1C /* GameViewController.swift in Sources */ = {isa = PBXBuildFile; fileRef = 91C7F1041F89CD9D006E4B1C /* GameViewController.swift */; };
		91C7F1081F89CD9D006E4B1C /* Main.storyboard in Resources */ = {isa = PBXBuildFile; fileRef = 91C7F1061F89CD9D006E4B1C /* Main.storyboard */; };
		91C7F10D1F89CD9D006E4B1C /* LaunchScreen.storyboard in Resources */ = {isa = PBXBuildFile; fileRef = 91C7F10B1F89CD9D006E4B1C /* LaunchScreen.storyboard */; };
		91C7F1181F89CD9D006E4B1C /* NumberLinkTests.swift in Sources */ = {isa = PBXBuildFile; fileRef = 91C7F1171F89CD9D006E4B1C /* NumberLinkTests.swift */; };
		91C7F1231F89CD9D006E4B1C /* NumberLinkUITests.swift in Sources */ = {isa = PBXBuildFile; fileRef = 91C7F1221F89CD9D006E4B1C /* NumberLinkUITests.swift */; };
		91C7F1311F89D064006E4B1C /* MenuScene.swift in Sources */ = {isa = PBXBuildFile; fileRef = 91C7F1301F89D064006E4B1C /* MenuScene.swift */; };
		91C7F1331F89F0D6006E4B1C /* Assets.xcassets in Resources */ = {isa = PBXBuildFile; fileRef = 91C7F1321F89F0D5006E4B1C /* Assets.xcassets */; };
		91CD27111F92EB87005165D9 /* Gameplay.swift in Sources */ = {isa = PBXBuildFile; fileRef = 91CD27101F92EB87005165D9 /* Gameplay.swift */; };
		91E77A6F1FADC7E7005F16F0 /* MenuTestScene.swift in Sources */ = {isa = PBXBuildFile; fileRef = 91E77A6E1FADC7E7005F16F0 /* MenuTestScene.swift */; };
		91EBCD5E1F97AC3F00C7F81B /* proxima-nova-soft-semibold.otf in Resources */ = {isa = PBXBuildFile; fileRef = 91EBCD5D1F97AC3F00C7F81B /* proxima-nova-soft-semibold.otf */; };
		91EDE65C1FA44DDC0069B5A0 /* PauseNode.swift in Sources */ = {isa = PBXBuildFile; fileRef = 91EDE65B1FA44DDC0069B5A0 /* PauseNode.swift */; };
		91FB91401FA420C6002D1F1A /* ButtonNode.swift in Sources */ = {isa = PBXBuildFile; fileRef = 91FB913F1FA420C6002D1F1A /* ButtonNode.swift */; };
		91FB91421FA43512002D1F1A /* ScoreUtil.swift in Sources */ = {isa = PBXBuildFile; fileRef = 91FB91411FA43512002D1F1A /* ScoreUtil.swift */; };
		91FB91441FA44023002D1F1A /* Common.swift in Sources */ = {isa = PBXBuildFile; fileRef = 91FB91431FA44023002D1F1A /* Common.swift */; };
		91FE8A9E1FAAB03300632789 /* StoreKit.framework in Frameworks */ = {isa = PBXBuildFile; fileRef = 91FE8A9D1FAAB03300632789 /* StoreKit.framework */; };
		91FE8AA01FAAB15700632789 /* IAPManager.swift in Sources */ = {isa = PBXBuildFile; fileRef = 91FE8A9F1FAAB15700632789 /* IAPManager.swift */; };
/* End PBXBuildFile section */

/* Begin PBXContainerItemProxy section */
		91C7F1141F89CD9D006E4B1C /* PBXContainerItemProxy */ = {
			isa = PBXContainerItemProxy;
			containerPortal = 91C7F0F11F89CD9D006E4B1C /* Project object */;
			proxyType = 1;
			remoteGlobalIDString = 91C7F0F81F89CD9D006E4B1C;
			remoteInfo = NumberLink;
		};
		91C7F11F1F89CD9D006E4B1C /* PBXContainerItemProxy */ = {
			isa = PBXContainerItemProxy;
			containerPortal = 91C7F0F11F89CD9D006E4B1C /* Project object */;
			proxyType = 1;
			remoteGlobalIDString = 91C7F0F81F89CD9D006E4B1C;
			remoteInfo = NumberLink;
		};
/* End PBXContainerItemProxy section */

/* Begin PBXFileReference section */
		9100B7AD1FA6B2FB0096C79F /* AdsManager.swift */ = {isa = PBXFileReference; lastKnownFileType = sourcecode.swift; path = AdsManager.swift; sourceTree = "<group>"; };
		911730A21FA764E300D4097D /* LayoutNode.swift */ = {isa = PBXFileReference; lastKnownFileType = sourcecode.swift; path = LayoutNode.swift; sourceTree = "<group>"; };
		9126DE6C1FB3409A000526A7 /* ZAlertView.swift */ = {isa = PBXFileReference; fileEncoding = 4; lastKnownFileType = sourcecode.swift; path = ZAlertView.swift; sourceTree = "<group>"; };
		9126DE6D1FB3409A000526A7 /* UIColor.swift */ = {isa = PBXFileReference; fileEncoding = 4; lastKnownFileType = sourcecode.swift; path = UIColor.swift; sourceTree = "<group>"; };
		9126DE6E1FB3409A000526A7 /* UIImage.swift */ = {isa = PBXFileReference; fileEncoding = 4; lastKnownFileType = sourcecode.swift; path = UIImage.swift; sourceTree = "<group>"; };
		9126DE721FB34BD8000526A7 /* Outline.fsh */ = {isa = PBXFileReference; lastKnownFileType = sourcecode.glsl; path = Outline.fsh; sourceTree = "<group>"; };
		9126DE751FB3536A000526A7 /* MKOutlinedLabelNode.swift */ = {isa = PBXFileReference; fileEncoding = 4; lastKnownFileType = sourcecode.swift; path = MKOutlinedLabelNode.swift; sourceTree = "<group>"; };
		9129BA4D1F921C300020CB58 /* NumberNode.swift */ = {isa = PBXFileReference; lastKnownFileType = sourcecode.swift; path = NumberNode.swift; sourceTree = "<group>"; };
		9129BA511F92210C0020CB58 /* CGPoint+Distance.swift */ = {isa = PBXFileReference; lastKnownFileType = sourcecode.swift; path = "CGPoint+Distance.swift"; sourceTree = "<group>"; };
		9129BA531F9227DF0020CB58 /* Gradient.fsh */ = {isa = PBXFileReference; lastKnownFileType = sourcecode.glsl; path = Gradient.fsh; sourceTree = "<group>"; };
		9145CC8A1FAD539D00991122 /* background.mp3 */ = {isa = PBXFileReference; lastKnownFileType = audio.mp3; path = background.mp3; sourceTree = "<group>"; };
		9145CC8C1FAD53AD00991122 /* SoundManager.swift */ = {isa = PBXFileReference; lastKnownFileType = sourcecode.swift; path = SoundManager.swift; sourceTree = "<group>"; };
		9145CC8E1FAD613F00991122 /* pop.mp3 */ = {isa = PBXFileReference; lastKnownFileType = audio.mp3; path = pop.mp3; sourceTree = "<group>"; };
		914E15FD1FA47F670051DD83 /* GameKit.framework */ = {isa = PBXFileReference; lastKnownFileType = wrapper.framework; name = GameKit.framework; path = System/Library/Frameworks/GameKit.framework; sourceTree = SDKROOT; };
		9187C4771F9231B400AA624A /* SKColor+Vector4.swift */ = {isa = PBXFileReference; lastKnownFileType = sourcecode.swift; path = "SKColor+Vector4.swift"; sourceTree = "<group>"; };
		918B6E6A1FB6C02B00555B2E /* AnimPool.swift */ = {isa = PBXFileReference; lastKnownFileType = sourcecode.swift; path = AnimPool.swift; sourceTree = "<group>"; };
		91B20F401FB7D59A00848AC7 /* SKAction+Custom.swift */ = {isa = PBXFileReference; lastKnownFileType = sourcecode.swift; path = "SKAction+Custom.swift"; sourceTree = "<group>"; };
		91BA261E1F99DC27000D954B /* ProgressNode.swift */ = {isa = PBXFileReference; lastKnownFileType = sourcecode.swift; path = ProgressNode.swift; sourceTree = "<group>"; };
		91BA26231F9A393E000D954B /* GameOverNode.swift */ = {isa = PBXFileReference; lastKnownFileType = sourcecode.swift; path = GameOverNode.swift; sourceTree = "<group>"; };
		91C7F0F91F89CD9D006E4B1C /* NumberLink.app */ = {isa = PBXFileReference; explicitFileType = wrapper.application; includeInIndex = 0; path = NumberLink.app; sourceTree = BUILT_PRODUCTS_DIR; };
		91C7F0FC1F89CD9D006E4B1C /* AppDelegate.swift */ = {isa = PBXFileReference; lastKnownFileType = sourcecode.swift; path = AppDelegate.swift; sourceTree = "<group>"; };
		91C7F1021F89CD9D006E4B1C /* GameScene.swift */ = {isa = PBXFileReference; lastKnownFileType = sourcecode.swift; path = GameScene.swift; sourceTree = "<group>"; };
		91C7F1041F89CD9D006E4B1C /* GameViewController.swift */ = {isa = PBXFileReference; lastKnownFileType = sourcecode.swift; path = GameViewController.swift; sourceTree = "<group>"; };
		91C7F1071F89CD9D006E4B1C /* Base */ = {isa = PBXFileReference; lastKnownFileType = file.storyboard; name = Base; path = Base.lproj/Main.storyboard; sourceTree = "<group>"; };
		91C7F10C1F89CD9D006E4B1C /* Base */ = {isa = PBXFileReference; lastKnownFileType = file.storyboard; name = Base; path = Base.lproj/LaunchScreen.storyboard; sourceTree = "<group>"; };
		91C7F10E1F89CD9D006E4B1C /* Info.plist */ = {isa = PBXFileReference; lastKnownFileType = text.plist.xml; path = Info.plist; sourceTree = "<group>"; };
		91C7F1131F89CD9D006E4B1C /* NumberLinkTests.xctest */ = {isa = PBXFileReference; explicitFileType = wrapper.cfbundle; includeInIndex = 0; path = NumberLinkTests.xctest; sourceTree = BUILT_PRODUCTS_DIR; };
		91C7F1171F89CD9D006E4B1C /* NumberLinkTests.swift */ = {isa = PBXFileReference; lastKnownFileType = sourcecode.swift; path = NumberLinkTests.swift; sourceTree = "<group>"; };
		91C7F1191F89CD9D006E4B1C /* Info.plist */ = {isa = PBXFileReference; lastKnownFileType = text.plist.xml; path = Info.plist; sourceTree = "<group>"; };
		91C7F11E1F89CD9D006E4B1C /* NumberLinkUITests.xctest */ = {isa = PBXFileReference; explicitFileType = wrapper.cfbundle; includeInIndex = 0; path = NumberLinkUITests.xctest; sourceTree = BUILT_PRODUCTS_DIR; };
		91C7F1221F89CD9D006E4B1C /* NumberLinkUITests.swift */ = {isa = PBXFileReference; lastKnownFileType = sourcecode.swift; path = NumberLinkUITests.swift; sourceTree = "<group>"; };
		91C7F1241F89CD9D006E4B1C /* Info.plist */ = {isa = PBXFileReference; lastKnownFileType = text.plist.xml; path = Info.plist; sourceTree = "<group>"; };
		91C7F1301F89D064006E4B1C /* MenuScene.swift */ = {isa = PBXFileReference; lastKnownFileType = sourcecode.swift; path = MenuScene.swift; sourceTree = "<group>"; };
		91C7F1321F89F0D5006E4B1C /* Assets.xcassets */ = {isa = PBXFileReference; lastKnownFileType = folder.assetcatalog; path = Assets.xcassets; sourceTree = "<group>"; };
		91CD27101F92EB87005165D9 /* Gameplay.swift */ = {isa = PBXFileReference; lastKnownFileType = sourcecode.swift; path = Gameplay.swift; sourceTree = "<group>"; };
		91DD50571FA4D28F00F2358B /* GoogleMobileAds.framework */ = {isa = PBXFileReference; lastKnownFileType = wrapper.framework; name = GoogleMobileAds.framework; path = Frameworks/GoogleMobileAds.framework; sourceTree = "<group>"; };
		91E77A6E1FADC7E7005F16F0 /* MenuTestScene.swift */ = {isa = PBXFileReference; fileEncoding = 4; lastKnownFileType = sourcecode.swift; path = MenuTestScene.swift; sourceTree = "<group>"; };
		91EBCD5D1F97AC3F00C7F81B /* proxima-nova-soft-semibold.otf */ = {isa = PBXFileReference; lastKnownFileType = file; path = "proxima-nova-soft-semibold.otf"; sourceTree = "<group>"; };
		91EDE65B1FA44DDC0069B5A0 /* PauseNode.swift */ = {isa = PBXFileReference; lastKnownFileType = sourcecode.swift; path = PauseNode.swift; sourceTree = "<group>"; };
		91FB913F1FA420C6002D1F1A /* ButtonNode.swift */ = {isa = PBXFileReference; lastKnownFileType = sourcecode.swift; path = ButtonNode.swift; sourceTree = "<group>"; };
		91FB91411FA43512002D1F1A /* ScoreUtil.swift */ = {isa = PBXFileReference; lastKnownFileType = sourcecode.swift; path = ScoreUtil.swift; sourceTree = "<group>"; };
		91FB91431FA44023002D1F1A /* Common.swift */ = {isa = PBXFileReference; lastKnownFileType = sourcecode.swift; path = Common.swift; sourceTree = "<group>"; };
		91FE8A9D1FAAB03300632789 /* StoreKit.framework */ = {isa = PBXFileReference; lastKnownFileType = wrapper.framework; name = StoreKit.framework; path = System/Library/Frameworks/StoreKit.framework; sourceTree = SDKROOT; };
		91FE8A9F1FAAB15700632789 /* IAPManager.swift */ = {isa = PBXFileReference; lastKnownFileType = sourcecode.swift; path = IAPManager.swift; sourceTree = "<group>"; };
/* End PBXFileReference section */

/* Begin PBXFrameworksBuildPhase section */
		91C7F0F61F89CD9D006E4B1C /* Frameworks */ = {
			isa = PBXFrameworksBuildPhase;
			buildActionMask = 2147483647;
			files = (
				91FE8A9E1FAAB03300632789 /* StoreKit.framework in Frameworks */,
				9100B7AC1FA6B2210096C79F /* GoogleMobileAds.framework in Frameworks */,
				914E15FE1FA47F670051DD83 /* GameKit.framework in Frameworks */,
			);
			runOnlyForDeploymentPostprocessing = 0;
		};
		91C7F1101F89CD9D006E4B1C /* Frameworks */ = {
			isa = PBXFrameworksBuildPhase;
			buildActionMask = 2147483647;
			files = (
			);
			runOnlyForDeploymentPostprocessing = 0;
		};
		91C7F11B1F89CD9D006E4B1C /* Frameworks */ = {
			isa = PBXFrameworksBuildPhase;
			buildActionMask = 2147483647;
			files = (
			);
			runOnlyForDeploymentPostprocessing = 0;
		};
/* End PBXFrameworksBuildPhase section */

/* Begin PBXGroup section */
		9126DE6A1FB3409A000526A7 /* Vendor */ = {
			isa = PBXGroup;
			children = (
				9126DE741FB3536A000526A7 /* OutlineLabelNode */,
				9126DE6B1FB3409A000526A7 /* ZAlertView */,
			);
			path = Vendor;
			sourceTree = "<group>";
		};
		9126DE6B1FB3409A000526A7 /* ZAlertView */ = {
			isa = PBXGroup;
			children = (
				9126DE6C1FB3409A000526A7 /* ZAlertView.swift */,
				9126DE6D1FB3409A000526A7 /* UIColor.swift */,
				9126DE6E1FB3409A000526A7 /* UIImage.swift */,
			);
			path = ZAlertView;
			sourceTree = "<group>";
		};
		9126DE741FB3536A000526A7 /* OutlineLabelNode */ = {
			isa = PBXGroup;
			children = (
				9126DE751FB3536A000526A7 /* MKOutlinedLabelNode.swift */,
			);
			path = OutlineLabelNode;
			sourceTree = "<group>";
		};
		9145CC891FAD539D00991122 /* Music */ = {
			isa = PBXGroup;
			children = (
				9145CC8E1FAD613F00991122 /* pop.mp3 */,
				9145CC8A1FAD539D00991122 /* background.mp3 */,
			);
			path = Music;
			sourceTree = "<group>";
		};
		914E15FC1FA47F670051DD83 /* Frameworks */ = {
			isa = PBXGroup;
			children = (
				91FE8A9D1FAAB03300632789 /* StoreKit.framework */,
				91DD50571FA4D28F00F2358B /* GoogleMobileAds.framework */,
				914E15FD1FA47F670051DD83 /* GameKit.framework */,
			);
			name = Frameworks;
			sourceTree = "<group>";
		};
		9199F57B1F8A388E004BB26B /* Resources */ = {
			isa = PBXGroup;
			children = (
				91EBCD5D1F97AC3F00C7F81B /* proxima-nova-soft-semibold.otf */,
			);
			name = Resources;
			path = NumberLink;
			sourceTree = "<group>";
		};
		91BA26201F9A3302000D954B /* Scenes */ = {
			isa = PBXGroup;
			children = (
				91C7F1021F89CD9D006E4B1C /* GameScene.swift */,
				91C7F1301F89D064006E4B1C /* MenuScene.swift */,
				91E77A6E1FADC7E7005F16F0 /* MenuTestScene.swift */,
				91BA26231F9A393E000D954B /* GameOverNode.swift */,
				91EDE65B1FA44DDC0069B5A0 /* PauseNode.swift */,
			);
			path = Scenes;
			sourceTree = "<group>";
		};
		91BA26211F9A3324000D954B /* Utils */ = {
			isa = PBXGroup;
			children = (
				9129BA531F9227DF0020CB58 /* Gradient.fsh */,
				9126DE721FB34BD8000526A7 /* Outline.fsh */,
				91CD27101F92EB87005165D9 /* Gameplay.swift */,
				9129BA511F92210C0020CB58 /* CGPoint+Distance.swift */,
				9187C4771F9231B400AA624A /* SKColor+Vector4.swift */,
				91FB91411FA43512002D1F1A /* ScoreUtil.swift */,
				91FB91431FA44023002D1F1A /* Common.swift */,
				9100B7AD1FA6B2FB0096C79F /* AdsManager.swift */,
				91FE8A9F1FAAB15700632789 /* IAPManager.swift */,
				9145CC8C1FAD53AD00991122 /* SoundManager.swift */,
				918B6E6A1FB6C02B00555B2E /* AnimPool.swift */,
				91B20F401FB7D59A00848AC7 /* SKAction+Custom.swift */,
			);
			path = Utils;
			sourceTree = "<group>";
		};
		91BA26221F9A3383000D954B /* Nodes */ = {
			isa = PBXGroup;
			children = (
				9129BA4D1F921C300020CB58 /* NumberNode.swift */,
				91BA261E1F99DC27000D954B /* ProgressNode.swift */,
				91FB913F1FA420C6002D1F1A /* ButtonNode.swift */,
				911730A21FA764E300D4097D /* LayoutNode.swift */,
			);
			path = Nodes;
			sourceTree = "<group>";
		};
		91C7F0F01F89CD9D006E4B1C = {
			isa = PBXGroup;
			children = (
				91C7F0FB1F89CD9D006E4B1C /* NumberLink */,
				9199F57B1F8A388E004BB26B /* Resources */,
				91C7F1161F89CD9D006E4B1C /* NumberLinkTests */,
				91C7F1211F89CD9D006E4B1C /* NumberLinkUITests */,
				91C7F0FA1F89CD9D006E4B1C /* Products */,
				914E15FC1FA47F670051DD83 /* Frameworks */,
			);
			sourceTree = "<group>";
		};
		91C7F0FA1F89CD9D006E4B1C /* Products */ = {
			isa = PBXGroup;
			children = (
				91C7F0F91F89CD9D006E4B1C /* NumberLink.app */,
				91C7F1131F89CD9D006E4B1C /* NumberLinkTests.xctest */,
				91C7F11E1F89CD9D006E4B1C /* NumberLinkUITests.xctest */,
			);
			name = Products;
			sourceTree = "<group>";
		};
		91C7F0FB1F89CD9D006E4B1C /* NumberLink */ = {
			isa = PBXGroup;
			children = (
				9126DE6A1FB3409A000526A7 /* Vendor */,
				9145CC891FAD539D00991122 /* Music */,
				91BA26221F9A3383000D954B /* Nodes */,
				91BA26211F9A3324000D954B /* Utils */,
				91BA26201F9A3302000D954B /* Scenes */,
				91C7F1321F89F0D5006E4B1C /* Assets.xcassets */,
				91C7F0FC1F89CD9D006E4B1C /* AppDelegate.swift */,
				91C7F1041F89CD9D006E4B1C /* GameViewController.swift */,
				91C7F1061F89CD9D006E4B1C /* Main.storyboard */,
				91C7F10B1F89CD9D006E4B1C /* LaunchScreen.storyboard */,
				91C7F10E1F89CD9D006E4B1C /* Info.plist */,
			);
			path = NumberLink;
			sourceTree = "<group>";
		};
		91C7F1161F89CD9D006E4B1C /* NumberLinkTests */ = {
			isa = PBXGroup;
			children = (
				91C7F1171F89CD9D006E4B1C /* NumberLinkTests.swift */,
				91C7F1191F89CD9D006E4B1C /* Info.plist */,
			);
			path = NumberLinkTests;
			sourceTree = "<group>";
		};
		91C7F1211F89CD9D006E4B1C /* NumberLinkUITests */ = {
			isa = PBXGroup;
			children = (
				91C7F1221F89CD9D006E4B1C /* NumberLinkUITests.swift */,
				91C7F1241F89CD9D006E4B1C /* Info.plist */,
			);
			path = NumberLinkUITests;
			sourceTree = "<group>";
		};
/* End PBXGroup section */

/* Begin PBXNativeTarget section */
		91C7F0F81F89CD9D006E4B1C /* NumberLink */ = {
			isa = PBXNativeTarget;
			buildConfigurationList = 91C7F1271F89CD9D006E4B1C /* Build configuration list for PBXNativeTarget "NumberLink" */;
			buildPhases = (
				91C7F0F51F89CD9D006E4B1C /* Sources */,
				91C7F0F61F89CD9D006E4B1C /* Frameworks */,
				91C7F0F71F89CD9D006E4B1C /* Resources */,
			);
			buildRules = (
			);
			dependencies = (
			);
			name = NumberLink;
			productName = NumberLink;
			productReference = 91C7F0F91F89CD9D006E4B1C /* NumberLink.app */;
			productType = "com.apple.product-type.application";
		};
		91C7F1121F89CD9D006E4B1C /* NumberLinkTests */ = {
			isa = PBXNativeTarget;
			buildConfigurationList = 91C7F12A1F89CD9D006E4B1C /* Build configuration list for PBXNativeTarget "NumberLinkTests" */;
			buildPhases = (
				91C7F10F1F89CD9D006E4B1C /* Sources */,
				91C7F1101F89CD9D006E4B1C /* Frameworks */,
				91C7F1111F89CD9D006E4B1C /* Resources */,
			);
			buildRules = (
			);
			dependencies = (
				91C7F1151F89CD9D006E4B1C /* PBXTargetDependency */,
			);
			name = NumberLinkTests;
			productName = NumberLinkTests;
			productReference = 91C7F1131F89CD9D006E4B1C /* NumberLinkTests.xctest */;
			productType = "com.apple.product-type.bundle.unit-test";
		};
		91C7F11D1F89CD9D006E4B1C /* NumberLinkUITests */ = {
			isa = PBXNativeTarget;
			buildConfigurationList = 91C7F12D1F89CD9D006E4B1C /* Build configuration list for PBXNativeTarget "NumberLinkUITests" */;
			buildPhases = (
				91C7F11A1F89CD9D006E4B1C /* Sources */,
				91C7F11B1F89CD9D006E4B1C /* Frameworks */,
				91C7F11C1F89CD9D006E4B1C /* Resources */,
			);
			buildRules = (
			);
			dependencies = (
				91C7F1201F89CD9D006E4B1C /* PBXTargetDependency */,
			);
			name = NumberLinkUITests;
			productName = NumberLinkUITests;
			productReference = 91C7F11E1F89CD9D006E4B1C /* NumberLinkUITests.xctest */;
			productType = "com.apple.product-type.bundle.ui-testing";
		};
/* End PBXNativeTarget section */

/* Begin PBXProject section */
		91C7F0F11F89CD9D006E4B1C /* Project object */ = {
			isa = PBXProject;
			attributes = {
				KnownAssetTags = (
					New,
				);
				LastSwiftUpdateCheck = 0900;
				LastUpgradeCheck = 0900;
				ORGANIZATIONNAME = "Thuong Nguyen";
				TargetAttributes = {
					91C7F0F81F89CD9D006E4B1C = {
						CreatedOnToolsVersion = 9.0;
						ProvisioningStyle = Automatic;
						SystemCapabilities = {
							com.apple.GameCenter = {
								enabled = 1;
							};
							com.apple.InAppPurchase = {
								enabled = 1;
							};
						};
					};
					91C7F1121F89CD9D006E4B1C = {
						CreatedOnToolsVersion = 9.0;
						ProvisioningStyle = Automatic;
						TestTargetID = 91C7F0F81F89CD9D006E4B1C;
					};
					91C7F11D1F89CD9D006E4B1C = {
						CreatedOnToolsVersion = 9.0;
						ProvisioningStyle = Automatic;
						TestTargetID = 91C7F0F81F89CD9D006E4B1C;
					};
				};
			};
			buildConfigurationList = 91C7F0F41F89CD9D006E4B1C /* Build configuration list for PBXProject "NumberLink" */;
			compatibilityVersion = "Xcode 8.0";
			developmentRegion = en;
			hasScannedForEncodings = 0;
			knownRegions = (
				en,
				Base,
			);
			mainGroup = 91C7F0F01F89CD9D006E4B1C;
			productRefGroup = 91C7F0FA1F89CD9D006E4B1C /* Products */;
			projectDirPath = "";
			projectRoot = "";
			targets = (
				91C7F0F81F89CD9D006E4B1C /* NumberLink */,
				91C7F1121F89CD9D006E4B1C /* NumberLinkTests */,
				91C7F11D1F89CD9D006E4B1C /* NumberLinkUITests */,
			);
		};
/* End PBXProject section */

/* Begin PBXResourcesBuildPhase section */
		91C7F0F71F89CD9D006E4B1C /* Resources */ = {
			isa = PBXResourcesBuildPhase;
			buildActionMask = 2147483647;
			files = (
				9129BA541F9227DF0020CB58 /* Gradient.fsh in Resources */,
				91C7F1081F89CD9D006E4B1C /* Main.storyboard in Resources */,
				9126DE731FB34BD8000526A7 /* Outline.fsh in Resources */,
				91C7F1331F89F0D6006E4B1C /* Assets.xcassets in Resources */,
				91C7F10D1F89CD9D006E4B1C /* LaunchScreen.storyboard in Resources */,
				9145CC8B1FAD539D00991122 /* background.mp3 in Resources */,
				9145CC8F1FAD613F00991122 /* pop.mp3 in Resources */,
				91EBCD5E1F97AC3F00C7F81B /* proxima-nova-soft-semibold.otf in Resources */,
			);
			runOnlyForDeploymentPostprocessing = 0;
		};
		91C7F1111F89CD9D006E4B1C /* Resources */ = {
			isa = PBXResourcesBuildPhase;
			buildActionMask = 2147483647;
			files = (
			);
			runOnlyForDeploymentPostprocessing = 0;
		};
		91C7F11C1F89CD9D006E4B1C /* Resources */ = {
			isa = PBXResourcesBuildPhase;
			buildActionMask = 2147483647;
			files = (
			);
			runOnlyForDeploymentPostprocessing = 0;
		};
/* End PBXResourcesBuildPhase section */

/* Begin PBXSourcesBuildPhase section */
		91C7F0F51F89CD9D006E4B1C /* Sources */ = {
			isa = PBXSourcesBuildPhase;
			buildActionMask = 2147483647;
			files = (
				91FE8AA01FAAB15700632789 /* IAPManager.swift in Sources */,
				9126DE711FB3409A000526A7 /* UIImage.swift in Sources */,
				9126DE701FB3409A000526A7 /* UIColor.swift in Sources */,
				91E77A6F1FADC7E7005F16F0 /* MenuTestScene.swift in Sources */,
				91BA26241F9A393E000D954B /* GameOverNode.swift in Sources */,
				9129BA521F92210C0020CB58 /* CGPoint+Distance.swift in Sources */,
				91FB91441FA44023002D1F1A /* Common.swift in Sources */,
				91FB91401FA420C6002D1F1A /* ButtonNode.swift in Sources */,
				918B6E6B1FB6C02C00555B2E /* AnimPool.swift in Sources */,
				91C7F1031F89CD9D006E4B1C /* GameScene.swift in Sources */,
				91C7F1311F89D064006E4B1C /* MenuScene.swift in Sources */,
				9126DE6F1FB3409A000526A7 /* ZAlertView.swift in Sources */,
				91EDE65C1FA44DDC0069B5A0 /* PauseNode.swift in Sources */,
				9100B7AE1FA6B2FB0096C79F /* AdsManager.swift in Sources */,
				91C7F1051F89CD9D006E4B1C /* GameViewController.swift in Sources */,
				91C7F0FD1F89CD9D006E4B1C /* AppDelegate.swift in Sources */,
				9126DE761FB3536B000526A7 /* MKOutlinedLabelNode.swift in Sources */,
				91BA261F1F99DC27000D954B /* ProgressNode.swift in Sources */,
				91B20F411FB7D59A00848AC7 /* SKAction+Custom.swift in Sources */,
				91FB91421FA43512002D1F1A /* ScoreUtil.swift in Sources */,
				9129BA4E1F921C300020CB58 /* NumberNode.swift in Sources */,
				91CD27111F92EB87005165D9 /* Gameplay.swift in Sources */,
				9187C4781F9231B400AA624A /* SKColor+Vector4.swift in Sources */,
				911730A31FA764E300D4097D /* LayoutNode.swift in Sources */,
				9145CC8D1FAD53AD00991122 /* SoundManager.swift in Sources */,
			);
			runOnlyForDeploymentPostprocessing = 0;
		};
		91C7F10F1F89CD9D006E4B1C /* Sources */ = {
			isa = PBXSourcesBuildPhase;
			buildActionMask = 2147483647;
			files = (
				91C7F1181F89CD9D006E4B1C /* NumberLinkTests.swift in Sources */,
			);
			runOnlyForDeploymentPostprocessing = 0;
		};
		91C7F11A1F89CD9D006E4B1C /* Sources */ = {
			isa = PBXSourcesBuildPhase;
			buildActionMask = 2147483647;
			files = (
				91C7F1231F89CD9D006E4B1C /* NumberLinkUITests.swift in Sources */,
			);
			runOnlyForDeploymentPostprocessing = 0;
		};
/* End PBXSourcesBuildPhase section */

/* Begin PBXTargetDependency section */
		91C7F1151F89CD9D006E4B1C /* PBXTargetDependency */ = {
			isa = PBXTargetDependency;
			target = 91C7F0F81F89CD9D006E4B1C /* NumberLink */;
			targetProxy = 91C7F1141F89CD9D006E4B1C /* PBXContainerItemProxy */;
		};
		91C7F1201F89CD9D006E4B1C /* PBXTargetDependency */ = {
			isa = PBXTargetDependency;
			target = 91C7F0F81F89CD9D006E4B1C /* NumberLink */;
			targetProxy = 91C7F11F1F89CD9D006E4B1C /* PBXContainerItemProxy */;
		};
/* End PBXTargetDependency section */

/* Begin PBXVariantGroup section */
		91C7F1061F89CD9D006E4B1C /* Main.storyboard */ = {
			isa = PBXVariantGroup;
			children = (
				91C7F1071F89CD9D006E4B1C /* Base */,
			);
			name = Main.storyboard;
			sourceTree = "<group>";
		};
		91C7F10B1F89CD9D006E4B1C /* LaunchScreen.storyboard */ = {
			isa = PBXVariantGroup;
			children = (
				91C7F10C1F89CD9D006E4B1C /* Base */,
			);
			name = LaunchScreen.storyboard;
			sourceTree = "<group>";
		};
/* End PBXVariantGroup section */

/* Begin XCBuildConfiguration section */
		91C7F1251F89CD9D006E4B1C /* Debug */ = {
			isa = XCBuildConfiguration;
			buildSettings = {
				ALWAYS_SEARCH_USER_PATHS = NO;
				CLANG_ANALYZER_NONNULL = YES;
				CLANG_ANALYZER_NUMBER_OBJECT_CONVERSION = YES_AGGRESSIVE;
				CLANG_CXX_LANGUAGE_STANDARD = "gnu++14";
				CLANG_CXX_LIBRARY = "libc++";
				CLANG_ENABLE_MODULES = YES;
				CLANG_ENABLE_OBJC_ARC = YES;
				CLANG_WARN_BLOCK_CAPTURE_AUTORELEASING = YES;
				CLANG_WARN_BOOL_CONVERSION = YES;
				CLANG_WARN_COMMA = YES;
				CLANG_WARN_CONSTANT_CONVERSION = YES;
				CLANG_WARN_DIRECT_OBJC_ISA_USAGE = YES_ERROR;
				CLANG_WARN_DOCUMENTATION_COMMENTS = YES;
				CLANG_WARN_EMPTY_BODY = YES;
				CLANG_WARN_ENUM_CONVERSION = YES;
				CLANG_WARN_INFINITE_RECURSION = YES;
				CLANG_WARN_INT_CONVERSION = YES;
				CLANG_WARN_NON_LITERAL_NULL_CONVERSION = YES;
				CLANG_WARN_OBJC_LITERAL_CONVERSION = YES;
				CLANG_WARN_OBJC_ROOT_CLASS = YES_ERROR;
				CLANG_WARN_RANGE_LOOP_ANALYSIS = YES;
				CLANG_WARN_STRICT_PROTOTYPES = YES;
				CLANG_WARN_SUSPICIOUS_MOVE = YES;
				CLANG_WARN_UNGUARDED_AVAILABILITY = YES_AGGRESSIVE;
				CLANG_WARN_UNREACHABLE_CODE = YES;
				CLANG_WARN__DUPLICATE_METHOD_MATCH = YES;
				CODE_SIGN_IDENTITY = "iPhone Developer";
				COPY_PHASE_STRIP = NO;
				DEBUG_INFORMATION_FORMAT = dwarf;
				ENABLE_STRICT_OBJC_MSGSEND = YES;
				ENABLE_TESTABILITY = YES;
				GCC_C_LANGUAGE_STANDARD = gnu11;
				GCC_DYNAMIC_NO_PIC = NO;
				GCC_NO_COMMON_BLOCKS = YES;
				GCC_OPTIMIZATION_LEVEL = 0;
				GCC_PREPROCESSOR_DEFINITIONS = (
					"DEBUG=1",
					"$(inherited)",
				);
				GCC_WARN_64_TO_32_BIT_CONVERSION = YES;
				GCC_WARN_ABOUT_RETURN_TYPE = YES_ERROR;
				GCC_WARN_UNDECLARED_SELECTOR = YES;
				GCC_WARN_UNINITIALIZED_AUTOS = YES_AGGRESSIVE;
				GCC_WARN_UNUSED_FUNCTION = YES;
				GCC_WARN_UNUSED_VARIABLE = YES;
				IPHONEOS_DEPLOYMENT_TARGET = 11.0;
				MTL_ENABLE_DEBUG_INFO = YES;
				ONLY_ACTIVE_ARCH = YES;
				SDKROOT = iphoneos;
				SWIFT_ACTIVE_COMPILATION_CONDITIONS = DEBUG;
				SWIFT_OPTIMIZATION_LEVEL = "-Onone";
			};
			name = Debug;
		};
		91C7F1261F89CD9D006E4B1C /* Release */ = {
			isa = XCBuildConfiguration;
			buildSettings = {
				ALWAYS_SEARCH_USER_PATHS = NO;
				CLANG_ANALYZER_NONNULL = YES;
				CLANG_ANALYZER_NUMBER_OBJECT_CONVERSION = YES_AGGRESSIVE;
				CLANG_CXX_LANGUAGE_STANDARD = "gnu++14";
				CLANG_CXX_LIBRARY = "libc++";
				CLANG_ENABLE_MODULES = YES;
				CLANG_ENABLE_OBJC_ARC = YES;
				CLANG_WARN_BLOCK_CAPTURE_AUTORELEASING = YES;
				CLANG_WARN_BOOL_CONVERSION = YES;
				CLANG_WARN_COMMA = YES;
				CLANG_WARN_CONSTANT_CONVERSION = YES;
				CLANG_WARN_DIRECT_OBJC_ISA_USAGE = YES_ERROR;
				CLANG_WARN_DOCUMENTATION_COMMENTS = YES;
				CLANG_WARN_EMPTY_BODY = YES;
				CLANG_WARN_ENUM_CONVERSION = YES;
				CLANG_WARN_INFINITE_RECURSION = YES;
				CLANG_WARN_INT_CONVERSION = YES;
				CLANG_WARN_NON_LITERAL_NULL_CONVERSION = YES;
				CLANG_WARN_OBJC_LITERAL_CONVERSION = YES;
				CLANG_WARN_OBJC_ROOT_CLASS = YES_ERROR;
				CLANG_WARN_RANGE_LOOP_ANALYSIS = YES;
				CLANG_WARN_STRICT_PROTOTYPES = YES;
				CLANG_WARN_SUSPICIOUS_MOVE = YES;
				CLANG_WARN_UNGUARDED_AVAILABILITY = YES_AGGRESSIVE;
				CLANG_WARN_UNREACHABLE_CODE = YES;
				CLANG_WARN__DUPLICATE_METHOD_MATCH = YES;
				CODE_SIGN_IDENTITY = "iPhone Developer";
				COPY_PHASE_STRIP = NO;
				DEBUG_INFORMATION_FORMAT = "dwarf-with-dsym";
				ENABLE_NS_ASSERTIONS = NO;
				ENABLE_STRICT_OBJC_MSGSEND = YES;
				GCC_C_LANGUAGE_STANDARD = gnu11;
				GCC_NO_COMMON_BLOCKS = YES;
				GCC_WARN_64_TO_32_BIT_CONVERSION = YES;
				GCC_WARN_ABOUT_RETURN_TYPE = YES_ERROR;
				GCC_WARN_UNDECLARED_SELECTOR = YES;
				GCC_WARN_UNINITIALIZED_AUTOS = YES_AGGRESSIVE;
				GCC_WARN_UNUSED_FUNCTION = YES;
				GCC_WARN_UNUSED_VARIABLE = YES;
				IPHONEOS_DEPLOYMENT_TARGET = 11.0;
				MTL_ENABLE_DEBUG_INFO = NO;
				SDKROOT = iphoneos;
				SWIFT_OPTIMIZATION_LEVEL = "-Owholemodule";
				VALIDATE_PRODUCT = YES;
			};
			name = Release;
		};
		91C7F1281F89CD9D006E4B1C /* Debug */ = {
			isa = XCBuildConfiguration;
			buildSettings = {
				ASSETCATALOG_COMPILER_APPICON_NAME = AppIcon;
				CODE_SIGN_STYLE = Automatic;
				DEVELOPMENT_TEAM = 78B8A7HE4L;
				ENABLE_BITCODE = YES;
				FRAMEWORK_SEARCH_PATHS = (
					"$(inherited)",
					"$(PROJECT_DIR)/Frameworks",
				);
				"FRAMEWORK_SEARCH_PATHS[sdk=iphoneos*]" = "$(PROJECT_DIR)/Frameworks";
				INFOPLIST_FILE = NumberLink/Info.plist;
				IPHONEOS_DEPLOYMENT_TARGET = 9.0;
				LD_RUNPATH_SEARCH_PATHS = "$(inherited) @executable_path/Frameworks";
				OTHER_LDFLAGS = "";
				PRODUCT_BUNDLE_IDENTIFIER = com.thuongnh.NumberLink;
				PRODUCT_NAME = "$(TARGET_NAME)";
				SWIFT_VERSION = 4.0;
				TARGETED_DEVICE_FAMILY = "1,2";
			};
			name = Debug;
		};
		91C7F1291F89CD9D006E4B1C /* Release */ = {
			isa = XCBuildConfiguration;
			buildSettings = {
				ASSETCATALOG_COMPILER_APPICON_NAME = AppIcon;
				CODE_SIGN_STYLE = Automatic;
				DEVELOPMENT_TEAM = 78B8A7HE4L;
				ENABLE_BITCODE = YES;
				FRAMEWORK_SEARCH_PATHS = (
					"$(inherited)",
					"$(PROJECT_DIR)/Frameworks",
				);
				"FRAMEWORK_SEARCH_PATHS[sdk=iphoneos*]" = "$(PROJECT_DIR)/Frameworks";
				INFOPLIST_FILE = NumberLink/Info.plist;
				IPHONEOS_DEPLOYMENT_TARGET = 9.0;
				LD_RUNPATH_SEARCH_PATHS = "$(inherited) @executable_path/Frameworks";
				OTHER_LDFLAGS = "";
				PRODUCT_BUNDLE_IDENTIFIER = com.thuongnh.NumberLink;
				PRODUCT_NAME = "$(TARGET_NAME)";
				SWIFT_VERSION = 4.0;
				TARGETED_DEVICE_FAMILY = "1,2";
			};
			name = Release;
		};
		91C7F12B1F89CD9D006E4B1C /* Debug */ = {
			isa = XCBuildConfiguration;
			buildSettings = {
				ALWAYS_EMBED_SWIFT_STANDARD_LIBRARIES = YES;
				BUNDLE_LOADER = "$(TEST_HOST)";
				CODE_SIGN_STYLE = Automatic;
				DEVELOPMENT_TEAM = 78B8A7HE4L;
				FRAMEWORK_SEARCH_PATHS = (
					"$(inherited)",
					"$(PROJECT_DIR)/Frameworks",
				);
				INFOPLIST_FILE = NumberLinkTests/Info.plist;
				LD_RUNPATH_SEARCH_PATHS = "$(inherited) @executable_path/Frameworks @loader_path/Frameworks";
				PRODUCT_BUNDLE_IDENTIFIER = com.thuongnh.NumberLinkTests;
				PRODUCT_NAME = "$(TARGET_NAME)";
				SWIFT_VERSION = 4.0;
				TARGETED_DEVICE_FAMILY = "1,2";
				TEST_HOST = "$(BUILT_PRODUCTS_DIR)/NumberLink.app/NumberLink";
			};
			name = Debug;
		};
		91C7F12C1F89CD9D006E4B1C /* Release */ = {
			isa = XCBuildConfiguration;
			buildSettings = {
				ALWAYS_EMBED_SWIFT_STANDARD_LIBRARIES = YES;
				BUNDLE_LOADER = "$(TEST_HOST)";
				CODE_SIGN_STYLE = Automatic;
				DEVELOPMENT_TEAM = 78B8A7HE4L;
				FRAMEWORK_SEARCH_PATHS = (
					"$(inherited)",
					"$(PROJECT_DIR)/Frameworks",
				);
				INFOPLIST_FILE = NumberLinkTests/Info.plist;
				LD_RUNPATH_SEARCH_PATHS = "$(inherited) @executable_path/Frameworks @loader_path/Frameworks";
				PRODUCT_BUNDLE_IDENTIFIER = com.thuongnh.NumberLinkTests;
				PRODUCT_NAME = "$(TARGET_NAME)";
				SWIFT_VERSION = 4.0;
				TARGETED_DEVICE_FAMILY = "1,2";
				TEST_HOST = "$(BUILT_PRODUCTS_DIR)/NumberLink.app/NumberLink";
			};
			name = Release;
		};
		91C7F12E1F89CD9D006E4B1C /* Debug */ = {
			isa = XCBuildConfiguration;
			buildSettings = {
				ALWAYS_EMBED_SWIFT_STANDARD_LIBRARIES = YES;
				CODE_SIGN_STYLE = Automatic;
				DEVELOPMENT_TEAM = 78B8A7HE4L;
				FRAMEWORK_SEARCH_PATHS = (
					"$(inherited)",
					"$(PROJECT_DIR)/Frameworks",
				);
				INFOPLIST_FILE = NumberLinkUITests/Info.plist;
				LD_RUNPATH_SEARCH_PATHS = "$(inherited) @executable_path/Frameworks @loader_path/Frameworks";
				PRODUCT_BUNDLE_IDENTIFIER = com.thuongnh.NumberLinkUITests;
				PRODUCT_NAME = "$(TARGET_NAME)";
				SWIFT_VERSION = 4.0;
				TARGETED_DEVICE_FAMILY = "1,2";
				TEST_TARGET_NAME = NumberLink;
			};
			name = Debug;
		};
		91C7F12F1F89CD9D006E4B1C /* Release */ = {
			isa = XCBuildConfiguration;
			buildSettings = {
				ALWAYS_EMBED_SWIFT_STANDARD_LIBRARIES = YES;
				CODE_SIGN_STYLE = Automatic;
				DEVELOPMENT_TEAM = 78B8A7HE4L;
				FRAMEWORK_SEARCH_PATHS = (
					"$(inherited)",
					"$(PROJECT_DIR)/Frameworks",
				);
				INFOPLIST_FILE = NumberLinkUITests/Info.plist;
				LD_RUNPATH_SEARCH_PATHS = "$(inherited) @executable_path/Frameworks @loader_path/Frameworks";
				PRODUCT_BUNDLE_IDENTIFIER = com.thuongnh.NumberLinkUITests;
				PRODUCT_NAME = "$(TARGET_NAME)";
				SWIFT_VERSION = 4.0;
				TARGETED_DEVICE_FAMILY = "1,2";
				TEST_TARGET_NAME = NumberLink;
			};
			name = Release;
		};
/* End XCBuildConfiguration section */

/* Begin XCConfigurationList section */
		91C7F0F41F89CD9D006E4B1C /* Build configuration list for PBXProject "NumberLink" */ = {
			isa = XCConfigurationList;
			buildConfigurations = (
				91C7F1251F89CD9D006E4B1C /* Debug */,
				91C7F1261F89CD9D006E4B1C /* Release */,
			);
			defaultConfigurationIsVisible = 0;
			defaultConfigurationName = Release;
		};
		91C7F1271F89CD9D006E4B1C /* Build configuration list for PBXNativeTarget "NumberLink" */ = {
			isa = XCConfigurationList;
			buildConfigurations = (
				91C7F1281F89CD9D006E4B1C /* Debug */,
				91C7F1291F89CD9D006E4B1C /* Release */,
			);
			defaultConfigurationIsVisible = 0;
			defaultConfigurationName = Release;
		};
		91C7F12A1F89CD9D006E4B1C /* Build configuration list for PBXNativeTarget "NumberLinkTests" */ = {
			isa = XCConfigurationList;
			buildConfigurations = (
				91C7F12B1F89CD9D006E4B1C /* Debug */,
				91C7F12C1F89CD9D006E4B1C /* Release */,
			);
			defaultConfigurationIsVisible = 0;
			defaultConfigurationName = Release;
		};
		91C7F12D1F89CD9D006E4B1C /* Build configuration list for PBXNativeTarget "NumberLinkUITests" */ = {
			isa = XCConfigurationList;
			buildConfigurations = (
				91C7F12E1F89CD9D006E4B1C /* Debug */,
				91C7F12F1F89CD9D006E4B1C /* Release */,
			);
			defaultConfigurationIsVisible = 0;
			defaultConfigurationName = Release;
		};
/* End XCConfigurationList section */
	};
	rootObject = 91C7F0F11F89CD9D006E4B1C /* Project object */;
}
